
Microsoft Visual Studio Solution File, Format Version 12.00
# Visual Studio Version 16
VisualStudioVersion = 16.0.30804.86
MinimumVisualStudioVersion = 10.0.40219.1
Project("{F184B08F-C81C-45F6-A57F-5ABD9991F28F}") = "Math Quiz", "Math Quiz\Math Quiz.vbproj", "{6C6FDD0F-AA8A-4590-AA9F-FB7DB88E0810}"
EndProject
Global
	GlobalSection(SolutionConfigurationPlatforms) = preSolution
		Debug|Any CPU = Debug|Any CPU
		Release|Any CPU = Release|Any CPU
	EndGlobalSection
	GlobalSection(ProjectConfigurationPlatforms) = postSolution
		{6C6FDD0F-AA8A-4590-AA9F-FB7DB88E0810}.Debug|Any CPU.ActiveCfg = Debug|Any CPU
		{6C6FDD0F-AA8A-4590-AA9F-FB7DB88E0810}.Debug|Any CPU.Build.0 = Debug|Any CPU
		{6C6FDD0F-AA8A-4590-AA9F-FB7DB88E0810}.Release|Any CPU.ActiveCfg = Release|Any CPU
		{6C6FDD0F-AA8A-4590-AA9F-FB7DB88E0810}.Release|Any CPU.Build.0 = Release|Any CPU
	EndGlobalSection
	GlobalSection(SolutionProperties) = preSolution
		HideSolutionNode = FALSE
	EndGlobalSection
	GlobalSection(ExtensibilityGlobals) = postSolution
		SolutionGuid = {C0D0B13C-72A3-4E0B-9831-0C00D5343F5F}
	EndGlobalSection
EndGlobal
