
Microsoft Visual Studio Solution File, Format Version 12.00
# Visual Studio Version 16
VisualStudioVersion = 16.0.30804.86
MinimumVisualStudioVersion = 10.0.40219.1
Project("{F184B08F-C81C-45F6-A57F-5ABD9991F28F}") = "Arithmetic Calculator", "Arithmetic Calculator\Arithmetic Calculator.vbproj", "{76B50912-E27C-4F79-A397-56A173DD8FA3}"
EndProject
Global
	GlobalSection(SolutionConfigurationPlatforms) = preSolution
		Debug|Any CPU = Debug|Any CPU
		Release|Any CPU = Release|Any CPU
	EndGlobalSection
	GlobalSection(ProjectConfigurationPlatforms) = postSolution
		{76B50912-E27C-4F79-A397-56A173DD8FA3}.Debug|Any CPU.ActiveCfg = Debug|Any CPU
		{76B50912-E27C-4F79-A397-56A173DD8FA3}.Debug|Any CPU.Build.0 = Debug|Any CPU
		{76B50912-E27C-4F79-A397-56A173DD8FA3}.Release|Any CPU.ActiveCfg = Release|Any CPU
		{76B50912-E27C-4F79-A397-56A173DD8FA3}.Release|Any CPU.Build.0 = Release|Any CPU
	EndGlobalSection
	GlobalSection(SolutionProperties) = preSolution
		HideSolutionNode = FALSE
	EndGlobalSection
	GlobalSection(ExtensibilityGlobals) = postSolution
		SolutionGuid = {B8A49A95-21EF-477E-A774-057A64E392C5}
	EndGlobalSection
EndGlobal
