
Microsoft Visual Studio Solution File, Format Version 12.00
# Visual Studio Version 16
VisualStudioVersion = 16.0.30804.86
MinimumVisualStudioVersion = 10.0.40219.1
Project("{F184B08F-C81C-45F6-A57F-5ABD9991F28F}") = "ConsoleApp1", "ConsoleApp1\ConsoleApp1.vbproj", "{152FD98D-1731-46AE-B8B9-3CCCA8204AE4}"
EndProject
Global
	GlobalSection(SolutionConfigurationPlatforms) = preSolution
		Debug|Any CPU = Debug|Any CPU
		Release|Any CPU = Release|Any CPU
	EndGlobalSection
	GlobalSection(ProjectConfigurationPlatforms) = postSolution
		{152FD98D-1731-46AE-B8B9-3CCCA8204AE4}.Debug|Any CPU.ActiveCfg = Debug|Any CPU
		{152FD98D-1731-46AE-B8B9-3CCCA8204AE4}.Debug|Any CPU.Build.0 = Debug|Any CPU
		{152FD98D-1731-46AE-B8B9-3CCCA8204AE4}.Release|Any CPU.ActiveCfg = Release|Any CPU
		{152FD98D-1731-46AE-B8B9-3CCCA8204AE4}.Release|Any CPU.Build.0 = Release|Any CPU
	EndGlobalSection
	GlobalSection(SolutionProperties) = preSolution
		HideSolutionNode = FALSE
	EndGlobalSection
	GlobalSection(ExtensibilityGlobals) = postSolution
		SolutionGuid = {FD5BE12E-12F7-472A-B9BA-840FDB0E7E14}
	EndGlobalSection
EndGlobal
