
Microsoft Visual Studio Solution File, Format Version 12.00
# Visual Studio Version 16
VisualStudioVersion = 16.0.30804.86
MinimumVisualStudioVersion = 10.0.40219.1
Project("{F184B08F-C81C-45F6-A57F-5ABD9991F28F}") = "Change_Machine_Project", "Change_Machine_Project\Change_Machine_Project.vbproj", "{A41851F0-11F3-4013-936B-B87642C6FFDD}"
EndProject
Global
	GlobalSection(SolutionConfigurationPlatforms) = preSolution
		Debug|Any CPU = Debug|Any CPU
		Release|Any CPU = Release|Any CPU
	EndGlobalSection
	GlobalSection(ProjectConfigurationPlatforms) = postSolution
		{A41851F0-11F3-4013-936B-B87642C6FFDD}.Debug|Any CPU.ActiveCfg = Debug|Any CPU
		{A41851F0-11F3-4013-936B-B87642C6FFDD}.Debug|Any CPU.Build.0 = Debug|Any CPU
		{A41851F0-11F3-4013-936B-B87642C6FFDD}.Release|Any CPU.ActiveCfg = Release|Any CPU
		{A41851F0-11F3-4013-936B-B87642C6FFDD}.Release|Any CPU.Build.0 = Release|Any CPU
	EndGlobalSection
	GlobalSection(SolutionProperties) = preSolution
		HideSolutionNode = FALSE
	EndGlobalSection
	GlobalSection(ExtensibilityGlobals) = postSolution
		SolutionGuid = {6F03334C-8DB1-40B1-A444-7E93B59A27B3}
	EndGlobalSection
EndGlobal
