
Microsoft Visual Studio Solution File, Format Version 12.00
# Visual Studio Version 16
VisualStudioVersion = 16.0.30804.86
MinimumVisualStudioVersion = 10.0.40219.1
Project("{F184B08F-C81C-45F6-A57F-5ABD9991F28F}") = "Pizza Calculator", "Pizza Calculator\Pizza Calculator.vbproj", "{1AF6C953-8D11-48BB-AA33-B54AA8030C77}"
EndProject
Global
	GlobalSection(SolutionConfigurationPlatforms) = preSolution
		Debug|Any CPU = Debug|Any CPU
		Release|Any CPU = Release|Any CPU
	EndGlobalSection
	GlobalSection(ProjectConfigurationPlatforms) = postSolution
		{1AF6C953-8D11-48BB-AA33-B54AA8030C77}.Debug|Any CPU.ActiveCfg = Debug|Any CPU
		{1AF6C953-8D11-48BB-AA33-B54AA8030C77}.Debug|Any CPU.Build.0 = Debug|Any CPU
		{1AF6C953-8D11-48BB-AA33-B54AA8030C77}.Release|Any CPU.ActiveCfg = Release|Any CPU
		{1AF6C953-8D11-48BB-AA33-B54AA8030C77}.Release|Any CPU.Build.0 = Release|Any CPU
	EndGlobalSection
	GlobalSection(SolutionProperties) = preSolution
		HideSolutionNode = FALSE
	EndGlobalSection
	GlobalSection(ExtensibilityGlobals) = postSolution
		SolutionGuid = {25B47FFC-1103-4BE6-8499-72FE887A72D3}
	EndGlobalSection
EndGlobal
